
Microsoft Visual Studio Solution File, Format Version 12.00
# Visual Studio Version 17
VisualStudioVersion = 17.12.35506.116
MinimumVisualStudioVersion = 10.0.40219.1
Project("{8BC9CEB8-8B4A-11D0-8D11-00A0C91BC942}") = "Problem_10", "Problem_10\Problem_10.vcxproj", "{57C9C00A-7466-4879-B0F0-774709C73002}"
EndProject
Project("{8BC9CEB8-8B4A-11D0-8D11-00A0C91BC942}") = "Problem_12", "Problem_12\Problem_12.vcxproj", "{23208199-8430-4377-8A48-BB9A15D82C95}"
EndProject
Project("{8BC9CEB8-8B4A-11D0-8D11-00A0C91BC942}") = "Problem_13", "Problem_13\Problem_13.vcxproj", "{F40D4884-DCFB-449C-A5A1-3035C889C939}"
EndProject
Project("{8BC9CEB8-8B4A-11D0-8D11-00A0C91BC942}") = "Problem_14", "Problem_14\Problem_14.vcxproj", "{C0EEC7CB-0454-45F4-B1CF-C39E3E2EA925}"
EndProject
Project("{8BC9CEB8-8B4A-11D0-8D11-00A0C91BC942}") = "Problem_15", "Problem_15\Problem_15.vcxproj", "{02B364E6-CEED-45D0-A4DF-FC8996A1BB3E}"
EndProject
Project("{8BC9CEB8-8B4A-11D0-8D11-00A0C91BC942}") = "Problem_16", "Problem_16\Problem_16.vcxproj", "{E83BB69D-3DD0-4683-93DF-BFF64FAFE7BD}"
EndProject
Project("{8BC9CEB8-8B4A-11D0-8D11-00A0C91BC942}") = "Problem_17", "Problem_17\Problem_17.vcxproj", "{422C8BEE-FDC0-4927-8CE0-E07F780AB0AF}"
EndProject
Project("{8BC9CEB8-8B4A-11D0-8D11-00A0C91BC942}") = "Problem_18", "Problem_18\Problem_18.vcxproj", "{1D3BE1D5-EB81-40BD-9CC6-B0A6CAC8CB4B}"
EndProject
Project("{8BC9CEB8-8B4A-11D0-8D11-00A0C91BC942}") = "Problem_19", "Problem_19\Problem_19.vcxproj", "{0EED37F9-5C89-4896-B02A-5C5E3305E1BB}"
EndProject
Project("{8BC9CEB8-8B4A-11D0-8D11-00A0C91BC942}") = "Problem_20", "Problem_20\Problem_20.vcxproj", "{7BB5B2D6-1DC0-46C9-AF1B-42C3D4BD08B9}"
EndProject
Global
	GlobalSection(SolutionConfigurationPlatforms) = preSolution
		Debug|x64 = Debug|x64
		Debug|x86 = Debug|x86
		Release|x64 = Release|x64
		Release|x86 = Release|x86
	EndGlobalSection
	GlobalSection(ProjectConfigurationPlatforms) = postSolution
		{57C9C00A-7466-4879-B0F0-774709C73002}.Debug|x64.ActiveCfg = Debug|x64
		{57C9C00A-7466-4879-B0F0-774709C73002}.Debug|x64.Build.0 = Debug|x64
		{57C9C00A-7466-4879-B0F0-774709C73002}.Debug|x86.ActiveCfg = Debug|Win32
		{57C9C00A-7466-4879-B0F0-774709C73002}.Debug|x86.Build.0 = Debug|Win32
		{57C9C00A-7466-4879-B0F0-774709C73002}.Release|x64.ActiveCfg = Release|x64
		{57C9C00A-7466-4879-B0F0-774709C73002}.Release|x64.Build.0 = Release|x64
		{57C9C00A-7466-4879-B0F0-774709C73002}.Release|x86.ActiveCfg = Release|Win32
		{57C9C00A-7466-4879-B0F0-774709C73002}.Release|x86.Build.0 = Release|Win32
		{23208199-8430-4377-8A48-BB9A15D82C95}.Debug|x64.ActiveCfg = Debug|x64
		{23208199-8430-4377-8A48-BB9A15D82C95}.Debug|x64.Build.0 = Debug|x64
		{23208199-8430-4377-8A48-BB9A15D82C95}.Debug|x86.ActiveCfg = Debug|Win32
		{23208199-8430-4377-8A48-BB9A15D82C95}.Debug|x86.Build.0 = Debug|Win32
		{23208199-8430-4377-8A48-BB9A15D82C95}.Release|x64.ActiveCfg = Release|x64
		{23208199-8430-4377-8A48-BB9A15D82C95}.Release|x64.Build.0 = Release|x64
		{23208199-8430-4377-8A48-BB9A15D82C95}.Release|x86.ActiveCfg = Release|Win32
		{23208199-8430-4377-8A48-BB9A15D82C95}.Release|x86.Build.0 = Release|Win32
		{F40D4884-DCFB-449C-A5A1-3035C889C939}.Debug|x64.ActiveCfg = Debug|x64
		{F40D4884-DCFB-449C-A5A1-3035C889C939}.Debug|x64.Build.0 = Debug|x64
		{F40D4884-DCFB-449C-A5A1-3035C889C939}.Debug|x86.ActiveCfg = Debug|Win32
		{F40D4884-DCFB-449C-A5A1-3035C889C939}.Debug|x86.Build.0 = Debug|Win32
		{F40D4884-DCFB-449C-A5A1-3035C889C939}.Release|x64.ActiveCfg = Release|x64
		{F40D4884-DCFB-449C-A5A1-3035C889C939}.Release|x64.Build.0 = Release|x64
		{F40D4884-DCFB-449C-A5A1-3035C889C939}.Release|x86.ActiveCfg = Release|Win32
		{F40D4884-DCFB-449C-A5A1-3035C889C939}.Release|x86.Build.0 = Release|Win32
		{C0EEC7CB-0454-45F4-B1CF-C39E3E2EA925}.Debug|x64.ActiveCfg = Debug|x64
		{C0EEC7CB-0454-45F4-B1CF-C39E3E2EA925}.Debug|x64.Build.0 = Debug|x64
		{C0EEC7CB-0454-45F4-B1CF-C39E3E2EA925}.Debug|x86.ActiveCfg = Debug|Win32
		{C0EEC7CB-0454-45F4-B1CF-C39E3E2EA925}.Debug|x86.Build.0 = Debug|Win32
		{C0EEC7CB-0454-45F4-B1CF-C39E3E2EA925}.Release|x64.ActiveCfg = Release|x64
		{C0EEC7CB-0454-45F4-B1CF-C39E3E2EA925}.Release|x64.Build.0 = Release|x64
		{C0EEC7CB-0454-45F4-B1CF-C39E3E2EA925}.Release|x86.ActiveCfg = Release|Win32
		{C0EEC7CB-0454-45F4-B1CF-C39E3E2EA925}.Release|x86.Build.0 = Release|Win32
		{02B364E6-CEED-45D0-A4DF-FC8996A1BB3E}.Debug|x64.ActiveCfg = Debug|x64
		{02B364E6-CEED-45D0-A4DF-FC8996A1BB3E}.Debug|x64.Build.0 = Debug|x64
		{02B364E6-CEED-45D0-A4DF-FC8996A1BB3E}.Debug|x86.ActiveCfg = Debug|Win32
		{02B364E6-CEED-45D0-A4DF-FC8996A1BB3E}.Debug|x86.Build.0 = Debug|Win32
		{02B364E6-CEED-45D0-A4DF-FC8996A1BB3E}.Release|x64.ActiveCfg = Release|x64
		{02B364E6-CEED-45D0-A4DF-FC8996A1BB3E}.Release|x64.Build.0 = Release|x64
		{02B364E6-CEED-45D0-A4DF-FC8996A1BB3E}.Release|x86.ActiveCfg = Release|Win32
		{02B364E6-CEED-45D0-A4DF-FC8996A1BB3E}.Release|x86.Build.0 = Release|Win32
		{E83BB69D-3DD0-4683-93DF-BFF64FAFE7BD}.Debug|x64.ActiveCfg = Debug|x64
		{E83BB69D-3DD0-4683-93DF-BFF64FAFE7BD}.Debug|x64.Build.0 = Debug|x64
		{E83BB69D-3DD0-4683-93DF-BFF64FAFE7BD}.Debug|x86.ActiveCfg = Debug|Win32
		{E83BB69D-3DD0-4683-93DF-BFF64FAFE7BD}.Debug|x86.Build.0 = Debug|Win32
		{E83BB69D-3DD0-4683-93DF-BFF64FAFE7BD}.Release|x64.ActiveCfg = Release|x64
		{E83BB69D-3DD0-4683-93DF-BFF64FAFE7BD}.Release|x64.Build.0 = Release|x64
		{E83BB69D-3DD0-4683-93DF-BFF64FAFE7BD}.Release|x86.ActiveCfg = Release|Win32
		{E83BB69D-3DD0-4683-93DF-BFF64FAFE7BD}.Release|x86.Build.0 = Release|Win32
		{422C8BEE-FDC0-4927-8CE0-E07F780AB0AF}.Debug|x64.ActiveCfg = Debug|x64
		{422C8BEE-FDC0-4927-8CE0-E07F780AB0AF}.Debug|x64.Build.0 = Debug|x64
		{422C8BEE-FDC0-4927-8CE0-E07F780AB0AF}.Debug|x86.ActiveCfg = Debug|Win32
		{422C8BEE-FDC0-4927-8CE0-E07F780AB0AF}.Debug|x86.Build.0 = Debug|Win32
		{422C8BEE-FDC0-4927-8CE0-E07F780AB0AF}.Release|x64.ActiveCfg = Release|x64
		{422C8BEE-FDC0-4927-8CE0-E07F780AB0AF}.Release|x64.Build.0 = Release|x64
		{422C8BEE-FDC0-4927-8CE0-E07F780AB0AF}.Release|x86.ActiveCfg = Release|Win32
		{422C8BEE-FDC0-4927-8CE0-E07F780AB0AF}.Release|x86.Build.0 = Release|Win32
		{1D3BE1D5-EB81-40BD-9CC6-B0A6CAC8CB4B}.Debug|x64.ActiveCfg = Debug|x64
		{1D3BE1D5-EB81-40BD-9CC6-B0A6CAC8CB4B}.Debug|x64.Build.0 = Debug|x64
		{1D3BE1D5-EB81-40BD-9CC6-B0A6CAC8CB4B}.Debug|x86.ActiveCfg = Debug|Win32
		{1D3BE1D5-EB81-40BD-9CC6-B0A6CAC8CB4B}.Debug|x86.Build.0 = Debug|Win32
		{1D3BE1D5-EB81-40BD-9CC6-B0A6CAC8CB4B}.Release|x64.ActiveCfg = Release|x64
		{1D3BE1D5-EB81-40BD-9CC6-B0A6CAC8CB4B}.Release|x64.Build.0 = Release|x64
		{1D3BE1D5-EB81-40BD-9CC6-B0A6CAC8CB4B}.Release|x86.ActiveCfg = Release|Win32
		{1D3BE1D5-EB81-40BD-9CC6-B0A6CAC8CB4B}.Release|x86.Build.0 = Release|Win32
		{0EED37F9-5C89-4896-B02A-5C5E3305E1BB}.Debug|x64.ActiveCfg = Debug|x64
		{0EED37F9-5C89-4896-B02A-5C5E3305E1BB}.Debug|x64.Build.0 = Debug|x64
		{0EED37F9-5C89-4896-B02A-5C5E3305E1BB}.Debug|x86.ActiveCfg = Debug|Win32
		{0EED37F9-5C89-4896-B02A-5C5E3305E1BB}.Debug|x86.Build.0 = Debug|Win32
		{0EED37F9-5C89-4896-B02A-5C5E3305E1BB}.Release|x64.ActiveCfg = Release|x64
		{0EED37F9-5C89-4896-B02A-5C5E3305E1BB}.Release|x64.Build.0 = Release|x64
		{0EED37F9-5C89-4896-B02A-5C5E3305E1BB}.Release|x86.ActiveCfg = Release|Win32
		{0EED37F9-5C89-4896-B02A-5C5E3305E1BB}.Release|x86.Build.0 = Release|Win32
		{7BB5B2D6-1DC0-46C9-AF1B-42C3D4BD08B9}.Debug|x64.ActiveCfg = Debug|x64
		{7BB5B2D6-1DC0-46C9-AF1B-42C3D4BD08B9}.Debug|x64.Build.0 = Debug|x64
		{7BB5B2D6-1DC0-46C9-AF1B-42C3D4BD08B9}.Debug|x86.ActiveCfg = Debug|Win32
		{7BB5B2D6-1DC0-46C9-AF1B-42C3D4BD08B9}.Debug|x86.Build.0 = Debug|Win32
		{7BB5B2D6-1DC0-46C9-AF1B-42C3D4BD08B9}.Release|x64.ActiveCfg = Release|x64
		{7BB5B2D6-1DC0-46C9-AF1B-42C3D4BD08B9}.Release|x64.Build.0 = Release|x64
		{7BB5B2D6-1DC0-46C9-AF1B-42C3D4BD08B9}.Release|x86.ActiveCfg = Release|Win32
		{7BB5B2D6-1DC0-46C9-AF1B-42C3D4BD08B9}.Release|x86.Build.0 = Release|Win32
	EndGlobalSection
	GlobalSection(SolutionProperties) = preSolution
		HideSolutionNode = FALSE
	EndGlobalSection
EndGlobal
