
Microsoft Visual Studio Solution File, Format Version 12.00
# Visual Studio Version 17
VisualStudioVersion = 17.12.35506.116 d17.12
MinimumVisualStudioVersion = 10.0.40219.1
Project("{8BC9CEB8-8B4A-11D0-8D11-00A0C91BC942}") = "Problem1", "Problem1\Problem1.vcxproj", "{FD965ED3-02EC-48DB-83F7-8D1FFA989E85}"
EndProject
Project("{8BC9CEB8-8B4A-11D0-8D11-00A0C91BC942}") = "Problem2", "Problem2\Problem2.vcxproj", "{6B6E5D79-D31D-44D0-932E-323D3257AA0A}"
EndProject
Project("{8BC9CEB8-8B4A-11D0-8D11-00A0C91BC942}") = "Problem3", "Problem3\Problem3.vcxproj", "{DDED376F-3055-42F4-B132-04896455C614}"
EndProject
Project("{8BC9CEB8-8B4A-11D0-8D11-00A0C91BC942}") = "Problem4", "Problem4\Problem4.vcxproj", "{A3C612E4-6978-4305-976E-2B1C88425E07}"
EndProject
Project("{8BC9CEB8-8B4A-11D0-8D11-00A0C91BC942}") = "Problem5", "Problem5\Problem5.vcxproj", "{B2CE8FEF-06F2-4580-AAC6-14664DE17D0B}"
EndProject
Project("{8BC9CEB8-8B4A-11D0-8D11-00A0C91BC942}") = "Problem6", "Problem6\Problem6.vcxproj", "{3D66617F-B294-4FA4-B569-BBD74F72FDED}"
EndProject
Project("{8BC9CEB8-8B4A-11D0-8D11-00A0C91BC942}") = "Problem7", "Problem7\Problem7.vcxproj", "{682DF4F1-23D8-428C-B544-DE04F43FBFD5}"
EndProject
Project("{8BC9CEB8-8B4A-11D0-8D11-00A0C91BC942}") = "Problem8", "Problem8\Problem8.vcxproj", "{BA05C234-8D5A-479B-B1DD-A08EEC9D3CB1}"
EndProject
Project("{8BC9CEB8-8B4A-11D0-8D11-00A0C91BC942}") = "Problem9", "Problem9\Problem9.vcxproj", "{E8B9FC48-A6A7-47B9-AA98-223CEB03D21C}"
EndProject
Project("{8BC9CEB8-8B4A-11D0-8D11-00A0C91BC942}") = "Problem_10", "Problem_10\Problem_10.vcxproj", "{0741366F-90A2-4C13-869C-81338BC3B015}"
EndProject
Project("{8BC9CEB8-8B4A-11D0-8D11-00A0C91BC942}") = "Problem_11", "Problem_11\Problem_11.vcxproj", "{75D6070B-73FB-482E-99B3-C950C25070CC}"
EndProject
Project("{8BC9CEB8-8B4A-11D0-8D11-00A0C91BC942}") = "Problem_12", "Problem_12\Problem_12.vcxproj", "{5013772F-2F7E-43DB-BE12-77EC48A32B29}"
EndProject
Project("{8BC9CEB8-8B4A-11D0-8D11-00A0C91BC942}") = "Problem_13", "Problem13\Problem13.vcxproj", "{E78A2C00-F063-4CD3-9B10-014F34F493EB}"
EndProject
Project("{8BC9CEB8-8B4A-11D0-8D11-00A0C91BC942}") = "Problem_14", "Problem14\Problem14.vcxproj", "{E50B34A8-C47E-4BA9-8256-99D9803AB328}"
EndProject
Project("{8BC9CEB8-8B4A-11D0-8D11-00A0C91BC942}") = "Problem15", "Problem15\Problem15.vcxproj", "{312044AF-A538-4294-AAD6-B70D371054AA}"
EndProject
Global
	GlobalSection(SolutionConfigurationPlatforms) = preSolution
		Debug|x64 = Debug|x64
		Debug|x86 = Debug|x86
		Release|x64 = Release|x64
		Release|x86 = Release|x86
	EndGlobalSection
	GlobalSection(ProjectConfigurationPlatforms) = postSolution
		{FD965ED3-02EC-48DB-83F7-8D1FFA989E85}.Debug|x64.ActiveCfg = Debug|x64
		{FD965ED3-02EC-48DB-83F7-8D1FFA989E85}.Debug|x64.Build.0 = Debug|x64
		{FD965ED3-02EC-48DB-83F7-8D1FFA989E85}.Debug|x86.ActiveCfg = Debug|Win32
		{FD965ED3-02EC-48DB-83F7-8D1FFA989E85}.Debug|x86.Build.0 = Debug|Win32
		{FD965ED3-02EC-48DB-83F7-8D1FFA989E85}.Release|x64.ActiveCfg = Release|x64
		{FD965ED3-02EC-48DB-83F7-8D1FFA989E85}.Release|x64.Build.0 = Release|x64
		{FD965ED3-02EC-48DB-83F7-8D1FFA989E85}.Release|x86.ActiveCfg = Release|Win32
		{FD965ED3-02EC-48DB-83F7-8D1FFA989E85}.Release|x86.Build.0 = Release|Win32
		{6B6E5D79-D31D-44D0-932E-323D3257AA0A}.Debug|x64.ActiveCfg = Debug|x64
		{6B6E5D79-D31D-44D0-932E-323D3257AA0A}.Debug|x64.Build.0 = Debug|x64
		{6B6E5D79-D31D-44D0-932E-323D3257AA0A}.Debug|x86.ActiveCfg = Debug|Win32
		{6B6E5D79-D31D-44D0-932E-323D3257AA0A}.Debug|x86.Build.0 = Debug|Win32
		{6B6E5D79-D31D-44D0-932E-323D3257AA0A}.Release|x64.ActiveCfg = Release|x64
		{6B6E5D79-D31D-44D0-932E-323D3257AA0A}.Release|x64.Build.0 = Release|x64
		{6B6E5D79-D31D-44D0-932E-323D3257AA0A}.Release|x86.ActiveCfg = Release|Win32
		{6B6E5D79-D31D-44D0-932E-323D3257AA0A}.Release|x86.Build.0 = Release|Win32
		{DDED376F-3055-42F4-B132-04896455C614}.Debug|x64.ActiveCfg = Debug|x64
		{DDED376F-3055-42F4-B132-04896455C614}.Debug|x64.Build.0 = Debug|x64
		{DDED376F-3055-42F4-B132-04896455C614}.Debug|x86.ActiveCfg = Debug|Win32
		{DDED376F-3055-42F4-B132-04896455C614}.Debug|x86.Build.0 = Debug|Win32
		{DDED376F-3055-42F4-B132-04896455C614}.Release|x64.ActiveCfg = Release|x64
		{DDED376F-3055-42F4-B132-04896455C614}.Release|x64.Build.0 = Release|x64
		{DDED376F-3055-42F4-B132-04896455C614}.Release|x86.ActiveCfg = Release|Win32
		{DDED376F-3055-42F4-B132-04896455C614}.Release|x86.Build.0 = Release|Win32
		{A3C612E4-6978-4305-976E-2B1C88425E07}.Debug|x64.ActiveCfg = Debug|x64
		{A3C612E4-6978-4305-976E-2B1C88425E07}.Debug|x64.Build.0 = Debug|x64
		{A3C612E4-6978-4305-976E-2B1C88425E07}.Debug|x86.ActiveCfg = Debug|Win32
		{A3C612E4-6978-4305-976E-2B1C88425E07}.Debug|x86.Build.0 = Debug|Win32
		{A3C612E4-6978-4305-976E-2B1C88425E07}.Release|x64.ActiveCfg = Release|x64
		{A3C612E4-6978-4305-976E-2B1C88425E07}.Release|x64.Build.0 = Release|x64
		{A3C612E4-6978-4305-976E-2B1C88425E07}.Release|x86.ActiveCfg = Release|Win32
		{A3C612E4-6978-4305-976E-2B1C88425E07}.Release|x86.Build.0 = Release|Win32
		{B2CE8FEF-06F2-4580-AAC6-14664DE17D0B}.Debug|x64.ActiveCfg = Debug|x64
		{B2CE8FEF-06F2-4580-AAC6-14664DE17D0B}.Debug|x64.Build.0 = Debug|x64
		{B2CE8FEF-06F2-4580-AAC6-14664DE17D0B}.Debug|x86.ActiveCfg = Debug|Win32
		{B2CE8FEF-06F2-4580-AAC6-14664DE17D0B}.Debug|x86.Build.0 = Debug|Win32
		{B2CE8FEF-06F2-4580-AAC6-14664DE17D0B}.Release|x64.ActiveCfg = Release|x64
		{B2CE8FEF-06F2-4580-AAC6-14664DE17D0B}.Release|x64.Build.0 = Release|x64
		{B2CE8FEF-06F2-4580-AAC6-14664DE17D0B}.Release|x86.ActiveCfg = Release|Win32
		{B2CE8FEF-06F2-4580-AAC6-14664DE17D0B}.Release|x86.Build.0 = Release|Win32
		{3D66617F-B294-4FA4-B569-BBD74F72FDED}.Debug|x64.ActiveCfg = Debug|x64
		{3D66617F-B294-4FA4-B569-BBD74F72FDED}.Debug|x64.Build.0 = Debug|x64
		{3D66617F-B294-4FA4-B569-BBD74F72FDED}.Debug|x86.ActiveCfg = Debug|Win32
		{3D66617F-B294-4FA4-B569-BBD74F72FDED}.Debug|x86.Build.0 = Debug|Win32
		{3D66617F-B294-4FA4-B569-BBD74F72FDED}.Release|x64.ActiveCfg = Release|x64
		{3D66617F-B294-4FA4-B569-BBD74F72FDED}.Release|x64.Build.0 = Release|x64
		{3D66617F-B294-4FA4-B569-BBD74F72FDED}.Release|x86.ActiveCfg = Release|Win32
		{3D66617F-B294-4FA4-B569-BBD74F72FDED}.Release|x86.Build.0 = Release|Win32
		{682DF4F1-23D8-428C-B544-DE04F43FBFD5}.Debug|x64.ActiveCfg = Debug|x64
		{682DF4F1-23D8-428C-B544-DE04F43FBFD5}.Debug|x64.Build.0 = Debug|x64
		{682DF4F1-23D8-428C-B544-DE04F43FBFD5}.Debug|x86.ActiveCfg = Debug|Win32
		{682DF4F1-23D8-428C-B544-DE04F43FBFD5}.Debug|x86.Build.0 = Debug|Win32
		{682DF4F1-23D8-428C-B544-DE04F43FBFD5}.Release|x64.ActiveCfg = Release|x64
		{682DF4F1-23D8-428C-B544-DE04F43FBFD5}.Release|x64.Build.0 = Release|x64
		{682DF4F1-23D8-428C-B544-DE04F43FBFD5}.Release|x86.ActiveCfg = Release|Win32
		{682DF4F1-23D8-428C-B544-DE04F43FBFD5}.Release|x86.Build.0 = Release|Win32
		{BA05C234-8D5A-479B-B1DD-A08EEC9D3CB1}.Debug|x64.ActiveCfg = Debug|x64
		{BA05C234-8D5A-479B-B1DD-A08EEC9D3CB1}.Debug|x64.Build.0 = Debug|x64
		{BA05C234-8D5A-479B-B1DD-A08EEC9D3CB1}.Debug|x86.ActiveCfg = Debug|Win32
		{BA05C234-8D5A-479B-B1DD-A08EEC9D3CB1}.Debug|x86.Build.0 = Debug|Win32
		{BA05C234-8D5A-479B-B1DD-A08EEC9D3CB1}.Release|x64.ActiveCfg = Release|x64
		{BA05C234-8D5A-479B-B1DD-A08EEC9D3CB1}.Release|x64.Build.0 = Release|x64
		{BA05C234-8D5A-479B-B1DD-A08EEC9D3CB1}.Release|x86.ActiveCfg = Release|Win32
		{BA05C234-8D5A-479B-B1DD-A08EEC9D3CB1}.Release|x86.Build.0 = Release|Win32
		{E8B9FC48-A6A7-47B9-AA98-223CEB03D21C}.Debug|x64.ActiveCfg = Debug|x64
		{E8B9FC48-A6A7-47B9-AA98-223CEB03D21C}.Debug|x64.Build.0 = Debug|x64
		{E8B9FC48-A6A7-47B9-AA98-223CEB03D21C}.Debug|x86.ActiveCfg = Debug|Win32
		{E8B9FC48-A6A7-47B9-AA98-223CEB03D21C}.Debug|x86.Build.0 = Debug|Win32
		{E8B9FC48-A6A7-47B9-AA98-223CEB03D21C}.Release|x64.ActiveCfg = Release|x64
		{E8B9FC48-A6A7-47B9-AA98-223CEB03D21C}.Release|x64.Build.0 = Release|x64
		{E8B9FC48-A6A7-47B9-AA98-223CEB03D21C}.Release|x86.ActiveCfg = Release|Win32
		{E8B9FC48-A6A7-47B9-AA98-223CEB03D21C}.Release|x86.Build.0 = Release|Win32
		{0741366F-90A2-4C13-869C-81338BC3B015}.Debug|x64.ActiveCfg = Debug|x64
		{0741366F-90A2-4C13-869C-81338BC3B015}.Debug|x64.Build.0 = Debug|x64
		{0741366F-90A2-4C13-869C-81338BC3B015}.Debug|x86.ActiveCfg = Debug|Win32
		{0741366F-90A2-4C13-869C-81338BC3B015}.Debug|x86.Build.0 = Debug|Win32
		{0741366F-90A2-4C13-869C-81338BC3B015}.Release|x64.ActiveCfg = Release|x64
		{0741366F-90A2-4C13-869C-81338BC3B015}.Release|x64.Build.0 = Release|x64
		{0741366F-90A2-4C13-869C-81338BC3B015}.Release|x86.ActiveCfg = Release|Win32
		{0741366F-90A2-4C13-869C-81338BC3B015}.Release|x86.Build.0 = Release|Win32
		{75D6070B-73FB-482E-99B3-C950C25070CC}.Debug|x64.ActiveCfg = Debug|x64
		{75D6070B-73FB-482E-99B3-C950C25070CC}.Debug|x64.Build.0 = Debug|x64
		{75D6070B-73FB-482E-99B3-C950C25070CC}.Debug|x86.ActiveCfg = Debug|Win32
		{75D6070B-73FB-482E-99B3-C950C25070CC}.Debug|x86.Build.0 = Debug|Win32
		{75D6070B-73FB-482E-99B3-C950C25070CC}.Release|x64.ActiveCfg = Release|x64
		{75D6070B-73FB-482E-99B3-C950C25070CC}.Release|x64.Build.0 = Release|x64
		{75D6070B-73FB-482E-99B3-C950C25070CC}.Release|x86.ActiveCfg = Release|Win32
		{75D6070B-73FB-482E-99B3-C950C25070CC}.Release|x86.Build.0 = Release|Win32
		{5013772F-2F7E-43DB-BE12-77EC48A32B29}.Debug|x64.ActiveCfg = Debug|x64
		{5013772F-2F7E-43DB-BE12-77EC48A32B29}.Debug|x64.Build.0 = Debug|x64
		{5013772F-2F7E-43DB-BE12-77EC48A32B29}.Debug|x86.ActiveCfg = Debug|Win32
		{5013772F-2F7E-43DB-BE12-77EC48A32B29}.Debug|x86.Build.0 = Debug|Win32
		{5013772F-2F7E-43DB-BE12-77EC48A32B29}.Release|x64.ActiveCfg = Release|x64
		{5013772F-2F7E-43DB-BE12-77EC48A32B29}.Release|x64.Build.0 = Release|x64
		{5013772F-2F7E-43DB-BE12-77EC48A32B29}.Release|x86.ActiveCfg = Release|Win32
		{5013772F-2F7E-43DB-BE12-77EC48A32B29}.Release|x86.Build.0 = Release|Win32
		{E78A2C00-F063-4CD3-9B10-014F34F493EB}.Debug|x64.ActiveCfg = Debug|x64
		{E78A2C00-F063-4CD3-9B10-014F34F493EB}.Debug|x64.Build.0 = Debug|x64
		{E78A2C00-F063-4CD3-9B10-014F34F493EB}.Debug|x86.ActiveCfg = Debug|Win32
		{E78A2C00-F063-4CD3-9B10-014F34F493EB}.Debug|x86.Build.0 = Debug|Win32
		{E78A2C00-F063-4CD3-9B10-014F34F493EB}.Release|x64.ActiveCfg = Release|x64
		{E78A2C00-F063-4CD3-9B10-014F34F493EB}.Release|x64.Build.0 = Release|x64
		{E78A2C00-F063-4CD3-9B10-014F34F493EB}.Release|x86.ActiveCfg = Release|Win32
		{E78A2C00-F063-4CD3-9B10-014F34F493EB}.Release|x86.Build.0 = Release|Win32
		{E50B34A8-C47E-4BA9-8256-99D9803AB328}.Debug|x64.ActiveCfg = Debug|x64
		{E50B34A8-C47E-4BA9-8256-99D9803AB328}.Debug|x64.Build.0 = Debug|x64
		{E50B34A8-C47E-4BA9-8256-99D9803AB328}.Debug|x86.ActiveCfg = Debug|Win32
		{E50B34A8-C47E-4BA9-8256-99D9803AB328}.Debug|x86.Build.0 = Debug|Win32
		{E50B34A8-C47E-4BA9-8256-99D9803AB328}.Release|x64.ActiveCfg = Release|x64
		{E50B34A8-C47E-4BA9-8256-99D9803AB328}.Release|x64.Build.0 = Release|x64
		{E50B34A8-C47E-4BA9-8256-99D9803AB328}.Release|x86.ActiveCfg = Release|Win32
		{E50B34A8-C47E-4BA9-8256-99D9803AB328}.Release|x86.Build.0 = Release|Win32
		{312044AF-A538-4294-AAD6-B70D371054AA}.Debug|x64.ActiveCfg = Debug|x64
		{312044AF-A538-4294-AAD6-B70D371054AA}.Debug|x64.Build.0 = Debug|x64
		{312044AF-A538-4294-AAD6-B70D371054AA}.Debug|x86.ActiveCfg = Debug|Win32
		{312044AF-A538-4294-AAD6-B70D371054AA}.Debug|x86.Build.0 = Debug|Win32
		{312044AF-A538-4294-AAD6-B70D371054AA}.Release|x64.ActiveCfg = Release|x64
		{312044AF-A538-4294-AAD6-B70D371054AA}.Release|x64.Build.0 = Release|x64
		{312044AF-A538-4294-AAD6-B70D371054AA}.Release|x86.ActiveCfg = Release|Win32
		{312044AF-A538-4294-AAD6-B70D371054AA}.Release|x86.Build.0 = Release|Win32
	EndGlobalSection
	GlobalSection(SolutionProperties) = preSolution
		HideSolutionNode = FALSE
	EndGlobalSection
EndGlobal
