
Microsoft Visual Studio Solution File, Format Version 12.00
# Visual Studio Version 17
VisualStudioVersion = 17.12.35506.116
MinimumVisualStudioVersion = 10.0.40219.1
Project("{8BC9CEB8-8B4A-11D0-8D11-00A0C91BC942}") = "Problem_1", "Problem_1\Problem_1.vcxproj", "{91EE8A22-39EE-4A3E-8BCA-04A82DA11286}"
EndProject
Project("{8BC9CEB8-8B4A-11D0-8D11-00A0C91BC942}") = "Problem_2", "Problem_2\Problem_2.vcxproj", "{B8EF74C6-3A52-425B-84E9-8AD17F964391}"
EndProject
Project("{8BC9CEB8-8B4A-11D0-8D11-00A0C91BC942}") = "Problem_3", "Problem_3\Problem_3.vcxproj", "{485BC455-1464-4FB1-A876-518B2DC064E0}"
EndProject
Project("{8BC9CEB8-8B4A-11D0-8D11-00A0C91BC942}") = "Problem_4", "Problem_4\Problem_4.vcxproj", "{3341D9E9-5752-4918-BB5C-9EDED7698B3D}"
EndProject
Project("{8BC9CEB8-8B4A-11D0-8D11-00A0C91BC942}") = "Problem_5", "Problem_5\Problem_5.vcxproj", "{F13C5772-D50D-42E6-9621-ECA4D154FDBC}"
EndProject
Project("{8BC9CEB8-8B4A-11D0-8D11-00A0C91BC942}") = "Problem_6", "Problem_6\Problem_6.vcxproj", "{2FA40C55-7FB8-4F7A-A534-387C542AB4EA}"
EndProject
Project("{8BC9CEB8-8B4A-11D0-8D11-00A0C91BC942}") = "Problem_7", "Problem_7\Problem_7.vcxproj", "{59A9D622-9BA8-4CD4-A481-1D6131AB09C2}"
EndProject
Project("{8BC9CEB8-8B4A-11D0-8D11-00A0C91BC942}") = "Problem_8", "Problem_8\Problem_8.vcxproj", "{87C52176-7DF2-46E0-93B8-0139C26C0251}"
EndProject
Project("{8BC9CEB8-8B4A-11D0-8D11-00A0C91BC942}") = "Problem_9", "Problem_9\Problem_9.vcxproj", "{DD8BDDB1-AD56-46C6-B59C-8694242266A2}"
EndProject
Project("{8BC9CEB8-8B4A-11D0-8D11-00A0C91BC942}") = "Problem_10", "Problem_10\Problem_10.vcxproj", "{41570642-3C3E-491F-AFD0-F46B0CA21734}"
EndProject
Project("{8BC9CEB8-8B4A-11D0-8D11-00A0C91BC942}") = "Problem_11", "Problem_11\Problem_11.vcxproj", "{02AAA394-BF26-45F6-9EB7-F8C93D60C8C2}"
EndProject
Project("{8BC9CEB8-8B4A-11D0-8D11-00A0C91BC942}") = "Problem_12", "Problem_12\Problem_12.vcxproj", "{5FB5222F-EEDD-4779-8557-16162C92EA7F}"
EndProject
Global
	GlobalSection(SolutionConfigurationPlatforms) = preSolution
		Debug|x64 = Debug|x64
		Debug|x86 = Debug|x86
		Release|x64 = Release|x64
		Release|x86 = Release|x86
	EndGlobalSection
	GlobalSection(ProjectConfigurationPlatforms) = postSolution
		{91EE8A22-39EE-4A3E-8BCA-04A82DA11286}.Debug|x64.ActiveCfg = Debug|x64
		{91EE8A22-39EE-4A3E-8BCA-04A82DA11286}.Debug|x64.Build.0 = Debug|x64
		{91EE8A22-39EE-4A3E-8BCA-04A82DA11286}.Debug|x86.ActiveCfg = Debug|Win32
		{91EE8A22-39EE-4A3E-8BCA-04A82DA11286}.Debug|x86.Build.0 = Debug|Win32
		{91EE8A22-39EE-4A3E-8BCA-04A82DA11286}.Release|x64.ActiveCfg = Release|x64
		{91EE8A22-39EE-4A3E-8BCA-04A82DA11286}.Release|x64.Build.0 = Release|x64
		{91EE8A22-39EE-4A3E-8BCA-04A82DA11286}.Release|x86.ActiveCfg = Release|Win32
		{91EE8A22-39EE-4A3E-8BCA-04A82DA11286}.Release|x86.Build.0 = Release|Win32
		{B8EF74C6-3A52-425B-84E9-8AD17F964391}.Debug|x64.ActiveCfg = Debug|x64
		{B8EF74C6-3A52-425B-84E9-8AD17F964391}.Debug|x64.Build.0 = Debug|x64
		{B8EF74C6-3A52-425B-84E9-8AD17F964391}.Debug|x86.ActiveCfg = Debug|Win32
		{B8EF74C6-3A52-425B-84E9-8AD17F964391}.Debug|x86.Build.0 = Debug|Win32
		{B8EF74C6-3A52-425B-84E9-8AD17F964391}.Release|x64.ActiveCfg = Release|x64
		{B8EF74C6-3A52-425B-84E9-8AD17F964391}.Release|x64.Build.0 = Release|x64
		{B8EF74C6-3A52-425B-84E9-8AD17F964391}.Release|x86.ActiveCfg = Release|Win32
		{B8EF74C6-3A52-425B-84E9-8AD17F964391}.Release|x86.Build.0 = Release|Win32
		{485BC455-1464-4FB1-A876-518B2DC064E0}.Debug|x64.ActiveCfg = Debug|x64
		{485BC455-1464-4FB1-A876-518B2DC064E0}.Debug|x64.Build.0 = Debug|x64
		{485BC455-1464-4FB1-A876-518B2DC064E0}.Debug|x86.ActiveCfg = Debug|Win32
		{485BC455-1464-4FB1-A876-518B2DC064E0}.Debug|x86.Build.0 = Debug|Win32
		{485BC455-1464-4FB1-A876-518B2DC064E0}.Release|x64.ActiveCfg = Release|x64
		{485BC455-1464-4FB1-A876-518B2DC064E0}.Release|x64.Build.0 = Release|x64
		{485BC455-1464-4FB1-A876-518B2DC064E0}.Release|x86.ActiveCfg = Release|Win32
		{485BC455-1464-4FB1-A876-518B2DC064E0}.Release|x86.Build.0 = Release|Win32
		{3341D9E9-5752-4918-BB5C-9EDED7698B3D}.Debug|x64.ActiveCfg = Debug|x64
		{3341D9E9-5752-4918-BB5C-9EDED7698B3D}.Debug|x64.Build.0 = Debug|x64
		{3341D9E9-5752-4918-BB5C-9EDED7698B3D}.Debug|x86.ActiveCfg = Debug|Win32
		{3341D9E9-5752-4918-BB5C-9EDED7698B3D}.Debug|x86.Build.0 = Debug|Win32
		{3341D9E9-5752-4918-BB5C-9EDED7698B3D}.Release|x64.ActiveCfg = Release|x64
		{3341D9E9-5752-4918-BB5C-9EDED7698B3D}.Release|x64.Build.0 = Release|x64
		{3341D9E9-5752-4918-BB5C-9EDED7698B3D}.Release|x86.ActiveCfg = Release|Win32
		{3341D9E9-5752-4918-BB5C-9EDED7698B3D}.Release|x86.Build.0 = Release|Win32
		{F13C5772-D50D-42E6-9621-ECA4D154FDBC}.Debug|x64.ActiveCfg = Debug|x64
		{F13C5772-D50D-42E6-9621-ECA4D154FDBC}.Debug|x64.Build.0 = Debug|x64
		{F13C5772-D50D-42E6-9621-ECA4D154FDBC}.Debug|x86.ActiveCfg = Debug|Win32
		{F13C5772-D50D-42E6-9621-ECA4D154FDBC}.Debug|x86.Build.0 = Debug|Win32
		{F13C5772-D50D-42E6-9621-ECA4D154FDBC}.Release|x64.ActiveCfg = Release|x64
		{F13C5772-D50D-42E6-9621-ECA4D154FDBC}.Release|x64.Build.0 = Release|x64
		{F13C5772-D50D-42E6-9621-ECA4D154FDBC}.Release|x86.ActiveCfg = Release|Win32
		{F13C5772-D50D-42E6-9621-ECA4D154FDBC}.Release|x86.Build.0 = Release|Win32
		{2FA40C55-7FB8-4F7A-A534-387C542AB4EA}.Debug|x64.ActiveCfg = Debug|x64
		{2FA40C55-7FB8-4F7A-A534-387C542AB4EA}.Debug|x64.Build.0 = Debug|x64
		{2FA40C55-7FB8-4F7A-A534-387C542AB4EA}.Debug|x86.ActiveCfg = Debug|Win32
		{2FA40C55-7FB8-4F7A-A534-387C542AB4EA}.Debug|x86.Build.0 = Debug|Win32
		{2FA40C55-7FB8-4F7A-A534-387C542AB4EA}.Release|x64.ActiveCfg = Release|x64
		{2FA40C55-7FB8-4F7A-A534-387C542AB4EA}.Release|x64.Build.0 = Release|x64
		{2FA40C55-7FB8-4F7A-A534-387C542AB4EA}.Release|x86.ActiveCfg = Release|Win32
		{2FA40C55-7FB8-4F7A-A534-387C542AB4EA}.Release|x86.Build.0 = Release|Win32
		{59A9D622-9BA8-4CD4-A481-1D6131AB09C2}.Debug|x64.ActiveCfg = Debug|x64
		{59A9D622-9BA8-4CD4-A481-1D6131AB09C2}.Debug|x64.Build.0 = Debug|x64
		{59A9D622-9BA8-4CD4-A481-1D6131AB09C2}.Debug|x86.ActiveCfg = Debug|Win32
		{59A9D622-9BA8-4CD4-A481-1D6131AB09C2}.Debug|x86.Build.0 = Debug|Win32
		{59A9D622-9BA8-4CD4-A481-1D6131AB09C2}.Release|x64.ActiveCfg = Release|x64
		{59A9D622-9BA8-4CD4-A481-1D6131AB09C2}.Release|x64.Build.0 = Release|x64
		{59A9D622-9BA8-4CD4-A481-1D6131AB09C2}.Release|x86.ActiveCfg = Release|Win32
		{59A9D622-9BA8-4CD4-A481-1D6131AB09C2}.Release|x86.Build.0 = Release|Win32
		{87C52176-7DF2-46E0-93B8-0139C26C0251}.Debug|x64.ActiveCfg = Debug|x64
		{87C52176-7DF2-46E0-93B8-0139C26C0251}.Debug|x64.Build.0 = Debug|x64
		{87C52176-7DF2-46E0-93B8-0139C26C0251}.Debug|x86.ActiveCfg = Debug|Win32
		{87C52176-7DF2-46E0-93B8-0139C26C0251}.Debug|x86.Build.0 = Debug|Win32
		{87C52176-7DF2-46E0-93B8-0139C26C0251}.Release|x64.ActiveCfg = Release|x64
		{87C52176-7DF2-46E0-93B8-0139C26C0251}.Release|x64.Build.0 = Release|x64
		{87C52176-7DF2-46E0-93B8-0139C26C0251}.Release|x86.ActiveCfg = Release|Win32
		{87C52176-7DF2-46E0-93B8-0139C26C0251}.Release|x86.Build.0 = Release|Win32
		{DD8BDDB1-AD56-46C6-B59C-8694242266A2}.Debug|x64.ActiveCfg = Debug|x64
		{DD8BDDB1-AD56-46C6-B59C-8694242266A2}.Debug|x64.Build.0 = Debug|x64
		{DD8BDDB1-AD56-46C6-B59C-8694242266A2}.Debug|x86.ActiveCfg = Debug|Win32
		{DD8BDDB1-AD56-46C6-B59C-8694242266A2}.Debug|x86.Build.0 = Debug|Win32
		{DD8BDDB1-AD56-46C6-B59C-8694242266A2}.Release|x64.ActiveCfg = Release|x64
		{DD8BDDB1-AD56-46C6-B59C-8694242266A2}.Release|x64.Build.0 = Release|x64
		{DD8BDDB1-AD56-46C6-B59C-8694242266A2}.Release|x86.ActiveCfg = Release|Win32
		{DD8BDDB1-AD56-46C6-B59C-8694242266A2}.Release|x86.Build.0 = Release|Win32
		{41570642-3C3E-491F-AFD0-F46B0CA21734}.Debug|x64.ActiveCfg = Debug|x64
		{41570642-3C3E-491F-AFD0-F46B0CA21734}.Debug|x64.Build.0 = Debug|x64
		{41570642-3C3E-491F-AFD0-F46B0CA21734}.Debug|x86.ActiveCfg = Debug|Win32
		{41570642-3C3E-491F-AFD0-F46B0CA21734}.Debug|x86.Build.0 = Debug|Win32
		{41570642-3C3E-491F-AFD0-F46B0CA21734}.Release|x64.ActiveCfg = Release|x64
		{41570642-3C3E-491F-AFD0-F46B0CA21734}.Release|x64.Build.0 = Release|x64
		{41570642-3C3E-491F-AFD0-F46B0CA21734}.Release|x86.ActiveCfg = Release|Win32
		{41570642-3C3E-491F-AFD0-F46B0CA21734}.Release|x86.Build.0 = Release|Win32
		{02AAA394-BF26-45F6-9EB7-F8C93D60C8C2}.Debug|x64.ActiveCfg = Debug|x64
		{02AAA394-BF26-45F6-9EB7-F8C93D60C8C2}.Debug|x64.Build.0 = Debug|x64
		{02AAA394-BF26-45F6-9EB7-F8C93D60C8C2}.Debug|x86.ActiveCfg = Debug|Win32
		{02AAA394-BF26-45F6-9EB7-F8C93D60C8C2}.Debug|x86.Build.0 = Debug|Win32
		{02AAA394-BF26-45F6-9EB7-F8C93D60C8C2}.Release|x64.ActiveCfg = Release|x64
		{02AAA394-BF26-45F6-9EB7-F8C93D60C8C2}.Release|x64.Build.0 = Release|x64
		{02AAA394-BF26-45F6-9EB7-F8C93D60C8C2}.Release|x86.ActiveCfg = Release|Win32
		{02AAA394-BF26-45F6-9EB7-F8C93D60C8C2}.Release|x86.Build.0 = Release|Win32
		{5FB5222F-EEDD-4779-8557-16162C92EA7F}.Debug|x64.ActiveCfg = Debug|x64
		{5FB5222F-EEDD-4779-8557-16162C92EA7F}.Debug|x64.Build.0 = Debug|x64
		{5FB5222F-EEDD-4779-8557-16162C92EA7F}.Debug|x86.ActiveCfg = Debug|Win32
		{5FB5222F-EEDD-4779-8557-16162C92EA7F}.Debug|x86.Build.0 = Debug|Win32
		{5FB5222F-EEDD-4779-8557-16162C92EA7F}.Release|x64.ActiveCfg = Release|x64
		{5FB5222F-EEDD-4779-8557-16162C92EA7F}.Release|x64.Build.0 = Release|x64
		{5FB5222F-EEDD-4779-8557-16162C92EA7F}.Release|x86.ActiveCfg = Release|Win32
		{5FB5222F-EEDD-4779-8557-16162C92EA7F}.Release|x86.Build.0 = Release|Win32
	EndGlobalSection
	GlobalSection(SolutionProperties) = preSolution
		HideSolutionNode = FALSE
	EndGlobalSection
EndGlobal
